# This file is automatically @generated by Cargo.
# It is not intended for manual editing.
version = 4

[[package]]
name = "bench"
version = "7.6.3"
dependencies = [
 "devutils",
 "libc",
 "mimalloc",
 "rpmalloc",
 "smmalloc",
 "snmalloc-rs",
 "thousands",
 "tikv-jemallocator",
 "windows-sys",
]

[[package]]
name = "bitflags"
version = "2.10.0"
source = "registry+https://github.com/rust-lang/crates.io-index"
checksum = "812e12b5285cc515a9c72a5c1d3b6d46a19dac5acfef5265968c166106e31dd3"

[[package]]
name = "cc"
version = "1.2.52"
source = "registry+https://github.com/rust-lang/crates.io-index"
checksum = "cd4932aefd12402b36c60956a4fe0035421f544799057659ff86f923657aada3"
dependencies = [
 "find-msvc-tools",
 "shlex",
]

[[package]]
name = "cmake"
version = "0.1.57"
source = "registry+https://github.com/rust-lang/crates.io-index"
checksum = "75443c44cd6b379beb8c5b45d85d0773baf31cce901fe7bb252f4eff3008ef7d"
dependencies = [
 "cc",
]

[[package]]
name = "devutils"
version = "7.6.3"
dependencies = [
 "smmalloc",
 "wyhash",
 "wyrand",
]

[[package]]
name = "errno"
version = "0.3.14"
source = "registry+https://github.com/rust-lang/crates.io-index"
checksum = "39cab71617ae0d63f51a36d69f866391735b51691dbda63cf6f96d042b63efeb"
dependencies = [
 "libc",
 "windows-sys",
]

[[package]]
name = "fastrand"
version = "2.3.0"
source = "registry+https://github.com/rust-lang/crates.io-index"
checksum = "37909eebbb50d72f9059c3b6d82c0463f2ff062c9e95845c43a6c9c0355411be"

[[package]]
name = "find-msvc-tools"
version = "0.1.7"
source = "registry+https://github.com/rust-lang/crates.io-index"
checksum = "f449e6c6c08c865631d4890cfacf252b3d396c9bcc83adb6623cdb02a8336c41"

[[package]]
name = "find_max_vm_addresses_reservable"
version = "7.6.3"
dependencies = [
 "mach-sys",
 "rustix",
 "thousands",
 "windows-sys",
]

[[package]]
name = "hellosmalloc"
version = "7.6.3"
dependencies = [
 "smmalloc",
]

[[package]]
name = "libc"
version = "0.2.180"
source = "registry+https://github.com/rust-lang/crates.io-index"
checksum = "bcc35a38544a891a5f7c865aca548a982ccb3b8650a5b06d0fd33a10283c56fc"

[[package]]
name = "libmimalloc-sys"
version = "0.1.44"
source = "registry+https://github.com/rust-lang/crates.io-index"
checksum = "667f4fec20f29dfc6bc7357c582d91796c169ad7e2fce709468aefeb2c099870"
dependencies = [
 "cc",
 "libc",
]

[[package]]
name = "linux-raw-sys"
version = "0.11.0"
source = "registry+https://github.com/rust-lang/crates.io-index"
checksum = "df1d3c3b53da64cf5760482273a98e575c651a67eec7f77df96b5b642de8f039"

[[package]]
name = "mach-sys"
version = "0.5.4"
source = "registry+https://github.com/rust-lang/crates.io-index"
checksum = "48460c2e82a3a0de197152fdf8d2c2d5e43adc501501553e439bf2156e6f87c7"
dependencies = [
 "fastrand",
]

[[package]]
name = "mimalloc"
version = "0.1.48"
source = "registry+https://github.com/rust-lang/crates.io-index"
checksum = "e1ee66a4b64c74f4ef288bcbb9192ad9c3feaad75193129ac8509af543894fd8"
dependencies = [
 "libmimalloc-sys",
]

[[package]]
name = "pkg-config"
version = "0.3.32"
source = "registry+https://github.com/rust-lang/crates.io-index"
checksum = "7edddbd0b52d732b21ad9a5fab5c704c14cd949e5e9a1ec5929a24fded1b904c"

[[package]]
name = "rand_core"
version = "0.9.5"
source = "registry+https://github.com/rust-lang/crates.io-index"
checksum = "76afc826de14238e6e8c374ddcc1fa19e374fd8dd986b0d2af0d02377261d83c"

[[package]]
name = "rpmalloc"
version = "0.2.2"
source = "registry+https://github.com/rust-lang/crates.io-index"
checksum = "86179c13cdc0bcedbb60e63c1aebe3bac82162ddfa746320de6dcea31ebe2b06"
dependencies = [
 "rpmalloc-sys",
]

[[package]]
name = "rpmalloc-sys"
version = "0.2.3+b097fd0"
source = "registry+https://github.com/rust-lang/crates.io-index"
checksum = "8d4b7d5e225a53887ee57fcec492eaf114b8e290f7072d035adc6ddd6810b67b"
dependencies = [
 "cc",
 "libc",
 "pkg-config",
]

[[package]]
name = "rustix"
version = "1.1.3"
source = "registry+https://github.com/rust-lang/crates.io-index"
checksum = "146c9e247ccc180c1f61615433868c99f3de3ae256a30a43b49f67c2d9171f34"
dependencies = [
 "bitflags",
 "errno",
 "libc",
 "linux-raw-sys",
 "windows-sys",
]

[[package]]
name = "shlex"
version = "1.3.0"
source = "registry+https://github.com/rust-lang/crates.io-index"
checksum = "0fda2ff0d084019ba4d7c6f371c95d8fd75ce3524c3cb8fb653a3023f6323e64"

[[package]]
name = "smalloc-ffi"
version = "7.6.3"
dependencies = [
 "smmalloc",
 "windows-sys",
]

[[package]]
name = "smmalloc"
version = "7.6.3"
dependencies = [
 "devutils",
 "mach-sys",
 "rustix",
 "windows-sys",
]

[[package]]
name = "snmalloc-rs"
version = "0.3.8"
source = "registry+https://github.com/rust-lang/crates.io-index"
checksum = "eb317153089fdfa4d8a2eec059d40a5a23c3bde43995ea23b19121c3f621e74a"
dependencies = [
 "snmalloc-sys",
]

[[package]]
name = "snmalloc-sys"
version = "0.3.8"
source = "registry+https://github.com/rust-lang/crates.io-index"
checksum = "065fea53d32bb77bc36cca466cb191f2e5216ebfd0ed360b1d64889ee6e559ea"
dependencies = [
 "cmake",
]

[[package]]
name = "thousands"
version = "0.2.0"
source = "registry+https://github.com/rust-lang/crates.io-index"
checksum = "3bf63baf9f5039dadc247375c29eb13706706cfde997d0330d05aa63a77d8820"

[[package]]
name = "tikv-jemalloc-sys"
version = "0.6.1+5.3.0-1-ge13ca993e8ccb9ba9847cc330696e02839f328f7"
source = "registry+https://github.com/rust-lang/crates.io-index"
checksum = "cd8aa5b2ab86a2cefa406d889139c162cbb230092f7d1d7cbc1716405d852a3b"
dependencies = [
 "cc",
 "libc",
]

[[package]]
name = "tikv-jemallocator"
version = "0.6.1"
source = "registry+https://github.com/rust-lang/crates.io-index"
checksum = "0359b4327f954e0567e69fb191cf1436617748813819c94b8cd4a431422d053a"
dependencies = [
 "libc",
 "tikv-jemalloc-sys",
]

[[package]]
name = "windows-link"
version = "0.2.1"
source = "registry+https://github.com/rust-lang/crates.io-index"
checksum = "f0805222e57f7521d6a62e36fa9163bc891acd422f971defe97d64e70d0a4fe5"

[[package]]
name = "windows-sys"
version = "0.61.2"
source = "registry+https://github.com/rust-lang/crates.io-index"
checksum = "ae137229bcbd6cdf0f7b80a31df61766145077ddf49416a728b02cb3921ff3fc"
dependencies = [
 "windows-link",
]

[[package]]
name = "wyhash"
version = "0.6.0"
source = "registry+https://github.com/rust-lang/crates.io-index"
checksum = "ca4d373340c479fd1e779f7a763acee85da3e423b1a9a9acccf97babcc92edbb"
dependencies = [
 "rand_core",
]

[[package]]
name = "wyrand"
version = "0.3.2"
source = "registry+https://github.com/rust-lang/crates.io-index"
checksum = "15e0359b0b8d9cdef235a1fd4a8c5d02e4c9204e9fac861c14c229a8e803d1a6"
dependencies = [
 "rand_core",
]
