# This file is automatically @generated by Cargo.
# It is not intended for manual editing.
version = 4

[[package]]
name = "bitflags"
version = "2.9.4"
source = "registry+https://github.com/rust-lang/crates.io-index"
checksum = "2261d10cca569e4643e526d8dc2e62e433cc8aba21ab764233731f8d369bf394"

[[package]]
name = "devutils"
version = "6.0.2"
dependencies = [
 "smalloc",
 "wyhash",
 "wyrand",
]

[[package]]
name = "errno"
version = "0.3.14"
source = "registry+https://github.com/rust-lang/crates.io-index"
checksum = "39cab71617ae0d63f51a36d69f866391735b51691dbda63cf6f96d042b63efeb"
dependencies = [
 "libc",
 "windows-sys",
]

[[package]]
name = "fastrand"
version = "2.3.0"
source = "registry+https://github.com/rust-lang/crates.io-index"
checksum = "37909eebbb50d72f9059c3b6d82c0463f2ff062c9e95845c43a6c9c0355411be"

[[package]]
name = "find_max_vm_addresses_reservable"
version = "6.0.2"
dependencies = [
 "plat",
 "thousands",
]

[[package]]
name = "hellosmalloc"
version = "6.0.2"
dependencies = [
 "smalloc",
 "wyrand",
]

[[package]]
name = "libc"
version = "0.2.177"
source = "registry+https://github.com/rust-lang/crates.io-index"
checksum = "2874a2af47a2325c2001a6e6fad9b16a53b802102b528163885171cf92b15976"

[[package]]
name = "linux-raw-sys"
version = "0.11.0"
source = "registry+https://github.com/rust-lang/crates.io-index"
checksum = "df1d3c3b53da64cf5760482273a98e575c651a67eec7f77df96b5b642de8f039"

[[package]]
name = "mach-sys"
version = "0.5.4"
source = "registry+https://github.com/rust-lang/crates.io-index"
checksum = "48460c2e82a3a0de197152fdf8d2c2d5e43adc501501553e439bf2156e6f87c7"
dependencies = [
 "fastrand",
]

[[package]]
name = "plat"
version = "6.0.2"
dependencies = [
 "mach-sys",
 "rustix",
]

[[package]]
name = "rand_core"
version = "0.9.3"
source = "registry+https://github.com/rust-lang/crates.io-index"
checksum = "99d9a13982dcf210057a8a78572b2217b667c3beacbf3a0d8b454f6f82837d38"

[[package]]
name = "rustix"
version = "1.1.2"
source = "registry+https://github.com/rust-lang/crates.io-index"
checksum = "cd15f8a2c5551a84d56efdc1cd049089e409ac19a3072d5037a17fd70719ff3e"
dependencies = [
 "bitflags",
 "errno",
 "libc",
 "linux-raw-sys",
 "windows-sys",
]

[[package]]
name = "simplebench"
version = "6.0.2"
dependencies = [
 "devutils",
 "libc",
 "smalloc",
 "thousands",
]

[[package]]
name = "smalloc"
version = "6.0.2"
dependencies = [
 "devutils",
 "plat",
]

[[package]]
name = "thousands"
version = "0.2.0"
source = "registry+https://github.com/rust-lang/crates.io-index"
checksum = "3bf63baf9f5039dadc247375c29eb13706706cfde997d0330d05aa63a77d8820"

[[package]]
name = "windows-link"
version = "0.2.0"
source = "registry+https://github.com/rust-lang/crates.io-index"
checksum = "45e46c0661abb7180e7b9c281db115305d49ca1709ab8242adf09666d2173c65"

[[package]]
name = "windows-sys"
version = "0.61.0"
source = "registry+https://github.com/rust-lang/crates.io-index"
checksum = "e201184e40b2ede64bc2ea34968b28e33622acdbbf37104f0e4a33f7abe657aa"
dependencies = [
 "windows-link",
]

[[package]]
name = "wyhash"
version = "0.6.0"
source = "registry+https://github.com/rust-lang/crates.io-index"
checksum = "ca4d373340c479fd1e779f7a763acee85da3e423b1a9a9acccf97babcc92edbb"
dependencies = [
 "rand_core",
]

[[package]]
name = "wyrand"
version = "0.3.2"
source = "registry+https://github.com/rust-lang/crates.io-index"
checksum = "15e0359b0b8d9cdef235a1fd4a8c5d02e4c9204e9fac861c14c229a8e803d1a6"
dependencies = [
 "rand_core",
]
